
Microsoft Visual Studio Solution File, Format Version 12.00
# Visual Studio Version 17
VisualStudioVersion = 17.6.33712.159
MinimumVisualStudioVersion = 10.0.40219.1
Project("{FAE04EC0-301F-11D3-BF4B-00C04F79EFBC}") = "MinimalAPISample", "MinimalAPISample\MinimalAPISample.csproj", "{AD36F684-90DA-442F-81CF-9BFBDD2B8B5E}"
EndProject
Global
	GlobalSection(SolutionConfigurationPlatforms) = preSolution
		Debug|Any CPU = Debug|Any CPU
		Release|Any CPU = Release|Any CPU
	EndGlobalSection
	GlobalSection(ProjectConfigurationPlatforms) = postSolution
		{AD36F684-90DA-442F-81CF-9BFBDD2B8B5E}.Debug|Any CPU.ActiveCfg = Debug|Any CPU
		{AD36F684-90DA-442F-81CF-9BFBDD2B8B5E}.Debug|Any CPU.Build.0 = Debug|Any CPU
		{AD36F684-90DA-442F-81CF-9BFBDD2B8B5E}.Release|Any CPU.ActiveCfg = Release|Any CPU
		{AD36F684-90DA-442F-81CF-9BFBDD2B8B5E}.Release|Any CPU.Build.0 = Release|Any CPU
	EndGlobalSection
	GlobalSection(SolutionProperties) = preSolution
		HideSolutionNode = FALSE
	EndGlobalSection
	GlobalSection(ExtensibilityGlobals) = postSolution
		SolutionGuid = {6BE105B3-882E-4488-948A-57BE6AC5F4DF}
	EndGlobalSection
EndGlobal
